
Microsoft Visual Studio Solution File, Format Version 12.00
# Visual Studio 15
VisualStudioVersion = 15.0.28010.2026
MinimumVisualStudioVersion = 10.0.40219.1
Project("{FAE04EC0-301F-11D3-BF4B-00C04F79EFBC}") = "SRKSDemo", "SRKSDemo\SRKSDemo.csproj", "{6C07103B-15B3-4124-9E99-D54C587CFFC3}"
EndProject
Project("{FAE04EC0-301F-11D3-BF4B-00C04F79EFBC}") = "i_facilitylibrary", "i_facilitylibrary\i_facilitylibrary.csproj", "{EA16AE1F-7084-482C-B355-2EE2151039CF}"
EndProject
Global
	GlobalSection(SolutionConfigurationPlatforms) = preSolution
		Debug|Any CPU = Debug|Any CPU
		Release|Any CPU = Release|Any CPU
	EndGlobalSection
	GlobalSection(ProjectConfigurationPlatforms) = postSolution
		{6C07103B-15B3-4124-9E99-D54C587CFFC3}.Debug|Any CPU.ActiveCfg = Debug|Any CPU
		{6C07103B-15B3-4124-9E99-D54C587CFFC3}.Debug|Any CPU.Build.0 = Debug|Any CPU
		{6C07103B-15B3-4124-9E99-D54C587CFFC3}.Release|Any CPU.ActiveCfg = Release|Any CPU
		{6C07103B-15B3-4124-9E99-D54C587CFFC3}.Release|Any CPU.Build.0 = Release|Any CPU
		{EA16AE1F-7084-482C-B355-2EE2151039CF}.Debug|Any CPU.ActiveCfg = Debug|Any CPU
		{EA16AE1F-7084-482C-B355-2EE2151039CF}.Debug|Any CPU.Build.0 = Debug|Any CPU
		{EA16AE1F-7084-482C-B355-2EE2151039CF}.Release|Any CPU.ActiveCfg = Release|Any CPU
		{EA16AE1F-7084-482C-B355-2EE2151039CF}.Release|Any CPU.Build.0 = Release|Any CPU
	EndGlobalSection
	GlobalSection(SolutionProperties) = preSolution
		HideSolutionNode = FALSE
	EndGlobalSection
	GlobalSection(ExtensibilityGlobals) = postSolution
		SolutionGuid = {30AA29DF-7905-4F45-BCA2-D5E3B5A2027C}
	EndGlobalSection
EndGlobal
